// !$*UTF8*$!
{
	archiveVersion = 1;
	classes = {
	};
	objectVersion = 46;
	objects = {

/* Begin PBXBuildFile section */
		80E6D3B7604DA331F711E2FD /* libPods-FilmNet.a in Frameworks */ = {isa = PBXBuildFile; fileRef = 2EE6B4D4C841F0915B20BB8F /* libPods-FilmNet.a */; };
		813710611F2149B600A7DC04 /* RoleViewController.m in Sources */ = {isa = PBXBuildFile; fileRef = 8137105F1F2149B600A7DC04 /* RoleViewController.m */; };
		813710621F2149B600A7DC04 /* RoleViewController.xib in Resources */ = {isa = PBXBuildFile; fileRef = 813710601F2149B600A7DC04 /* RoleViewController.xib */; };
		813710661F214FD500A7DC04 /* LocationViewController.m in Sources */ = {isa = PBXBuildFile; fileRef = 813710641F214FD500A7DC04 /* LocationViewController.m */; };
		813710671F214FD500A7DC04 /* LocationViewController.xib in Resources */ = {isa = PBXBuildFile; fileRef = 813710651F214FD500A7DC04 /* LocationViewController.xib */; };
		8137106C1F216B1D00A7DC04 /* FeedViewController.m in Sources */ = {isa = PBXBuildFile; fileRef = 8137106A1F216B1D00A7DC04 /* FeedViewController.m */; };
		813710711F2172F900A7DC04 /* UserCollectionViewCell.m in Sources */ = {isa = PBXBuildFile; fileRef = 8137106F1F2172F900A7DC04 /* UserCollectionViewCell.m */; };
		813710721F2172F900A7DC04 /* UserCollectionViewCell.xib in Resources */ = {isa = PBXBuildFile; fileRef = 813710701F2172F900A7DC04 /* UserCollectionViewCell.xib */; };
		816779701F33AE0100DE87A3 /* ReelViewController.m in Sources */ = {isa = PBXBuildFile; fileRef = 8167796E1F33AE0100DE87A3 /* ReelViewController.m */; };
		816779711F33AE0100DE87A3 /* ReelViewController.xib in Resources */ = {isa = PBXBuildFile; fileRef = 8167796F1F33AE0100DE87A3 /* ReelViewController.xib */; };
		816978CD1F2A96260004F17B /* ValidationsUtil.m in Sources */ = {isa = PBXBuildFile; fileRef = 816978CC1F2A96260004F17B /* ValidationsUtil.m */; };
		816978D01F2A977B0004F17B /* RoleTableViewController.m in Sources */ = {isa = PBXBuildFile; fileRef = 816978CF1F2A977B0004F17B /* RoleTableViewController.m */; };
		81854FAF1F2A6DA600594277 /* ProfileViewController.m in Sources */ = {isa = PBXBuildFile; fileRef = 81854FAD1F2A6DA600594277 /* ProfileViewController.m */; };
		81854FB41F2A6E6700594277 /* SettingsViewController.m in Sources */ = {isa = PBXBuildFile; fileRef = 81854FB21F2A6E6700594277 /* SettingsViewController.m */; };
		81854FB51F2A6E6700594277 /* SettingsViewController.xib in Resources */ = {isa = PBXBuildFile; fileRef = 81854FB31F2A6E6700594277 /* SettingsViewController.xib */; };
		818EA87E1F2AB48A003C08DA /* ImagePicker.framework in Frameworks */ = {isa = PBXBuildFile; fileRef = 818EA87B1F2AB447003C08DA /* ImagePicker.framework */; };
		818EA87F1F2AB48A003C08DA /* ImagePicker.framework in Embed Frameworks */ = {isa = PBXBuildFile; fileRef = 818EA87B1F2AB447003C08DA /* ImagePicker.framework */; settings = {ATTRIBUTES = (CodeSignOnCopy, RemoveHeadersOnCopy, ); }; };
		8198543D1F200F9B0086AFA3 /* GoogleService-Info.plist in Resources */ = {isa = PBXBuildFile; fileRef = 8198543C1F200F9B0086AFA3 /* GoogleService-Info.plist */; };
		81A1E7A01F200E5600F75D11 /* Podfile in Resources */ = {isa = PBXBuildFile; fileRef = 81A1E79F1F200E5600F75D11 /* Podfile */; };
		81A244B91F1FD012003147D3 /* main.m in Sources */ = {isa = PBXBuildFile; fileRef = 81A244B81F1FD012003147D3 /* main.m */; };
		81A244BC1F1FD012003147D3 /* AppDelegate.m in Sources */ = {isa = PBXBuildFile; fileRef = 81A244BB1F1FD012003147D3 /* AppDelegate.m */; };
		81A244C51F1FD012003147D3 /* Main.storyboard in Resources */ = {isa = PBXBuildFile; fileRef = 81A244C31F1FD012003147D3 /* Main.storyboard */; };
		81A244C71F1FD012003147D3 /* Assets.xcassets in Resources */ = {isa = PBXBuildFile; fileRef = 81A244C61F1FD012003147D3 /* Assets.xcassets */; };
		81A244CA1F1FD012003147D3 /* LaunchScreen.storyboard in Resources */ = {isa = PBXBuildFile; fileRef = 81A244C81F1FD012003147D3 /* LaunchScreen.storyboard */; };
		81A244D31F1FD246003147D3 /* IntroViewController.m in Sources */ = {isa = PBXBuildFile; fileRef = 81A244D21F1FD246003147D3 /* IntroViewController.m */; };
		81A244D71F1FD256003147D3 /* LoginViewController.m in Sources */ = {isa = PBXBuildFile; fileRef = 81A244D51F1FD256003147D3 /* LoginViewController.m */; };
		81A244D81F1FD256003147D3 /* LoginViewController.xib in Resources */ = {isa = PBXBuildFile; fileRef = 81A244D61F1FD256003147D3 /* LoginViewController.xib */; };
		81A244DC1F1FD26C003147D3 /* SignupViewController.m in Sources */ = {isa = PBXBuildFile; fileRef = 81A244DA1F1FD26C003147D3 /* SignupViewController.m */; };
		81A244DD1F1FD26C003147D3 /* SignupViewController.xib in Resources */ = {isa = PBXBuildFile; fileRef = 81A244DB1F1FD26C003147D3 /* SignupViewController.xib */; };
		81A244E31F1FD649003147D3 /* BaseViewController.m in Sources */ = {isa = PBXBuildFile; fileRef = 81A244E21F1FD649003147D3 /* BaseViewController.m */; };
/* End PBXBuildFile section */

/* Begin PBXContainerItemProxy section */
		818EA87A1F2AB447003C08DA /* PBXContainerItemProxy */ = {
			isa = PBXContainerItemProxy;
			containerPortal = 818EA8751F2AB447003C08DA /* ImagePicker.xcodeproj */;
			proxyType = 2;
			remoteGlobalIDString = D5DC598B1C201BE1003BD79B;
			remoteInfo = "ImagePicker-iOS";
		};
		818EA87C1F2AB447003C08DA /* PBXContainerItemProxy */ = {
			isa = PBXContainerItemProxy;
			containerPortal = 818EA8751F2AB447003C08DA /* ImagePicker.xcodeproj */;
			proxyType = 2;
			remoteGlobalIDString = D5DC59951C201BE1003BD79B;
			remoteInfo = "ImagePicker-iOS-Tests";
		};
		818EA8801F2AB48A003C08DA /* PBXContainerItemProxy */ = {
			isa = PBXContainerItemProxy;
			containerPortal = 818EA8751F2AB447003C08DA /* ImagePicker.xcodeproj */;
			proxyType = 1;
			remoteGlobalIDString = D5DC598A1C201BE1003BD79B;
			remoteInfo = "ImagePicker-iOS";
		};
/* End PBXContainerItemProxy section */

/* Begin PBXCopyFilesBuildPhase section */
		818EA8821F2AB48A003C08DA /* Embed Frameworks */ = {
			isa = PBXCopyFilesBuildPhase;
			buildActionMask = 2147483647;
			dstPath = "";
			dstSubfolderSpec = 10;
			files = (
				818EA87F1F2AB48A003C08DA /* ImagePicker.framework in Embed Frameworks */,
			);
			name = "Embed Frameworks";
			runOnlyForDeploymentPostprocessing = 0;
		};
/* End PBXCopyFilesBuildPhase section */

/* Begin PBXFileReference section */
		2EE6B4D4C841F0915B20BB8F /* libPods-FilmNet.a */ = {isa = PBXFileReference; explicitFileType = archive.ar; includeInIndex = 0; path = "libPods-FilmNet.a"; sourceTree = BUILT_PRODUCTS_DIR; };
		33674049578006DF5AB2A075 /* Pods-FilmNet.release.xcconfig */ = {isa = PBXFileReference; includeInIndex = 1; lastKnownFileType = text.xcconfig; name = "Pods-FilmNet.release.xcconfig"; path = "Pods/Target Support Files/Pods-FilmNet/Pods-FilmNet.release.xcconfig"; sourceTree = "<group>"; };
		492F43C4C95E524459AA6CAE /* Pods-FilmNet.debug.xcconfig */ = {isa = PBXFileReference; includeInIndex = 1; lastKnownFileType = text.xcconfig; name = "Pods-FilmNet.debug.xcconfig"; path = "Pods/Target Support Files/Pods-FilmNet/Pods-FilmNet.debug.xcconfig"; sourceTree = "<group>"; };
		8137105E1F2149B600A7DC04 /* RoleViewController.h */ = {isa = PBXFileReference; fileEncoding = 4; lastKnownFileType = sourcecode.c.h; path = RoleViewController.h; sourceTree = "<group>"; };
		8137105F1F2149B600A7DC04 /* RoleViewController.m */ = {isa = PBXFileReference; fileEncoding = 4; lastKnownFileType = sourcecode.c.objc; path = RoleViewController.m; sourceTree = "<group>"; };
		813710601F2149B600A7DC04 /* RoleViewController.xib */ = {isa = PBXFileReference; fileEncoding = 4; lastKnownFileType = file.xib; path = RoleViewController.xib; sourceTree = "<group>"; };
		813710631F214FD500A7DC04 /* LocationViewController.h */ = {isa = PBXFileReference; fileEncoding = 4; lastKnownFileType = sourcecode.c.h; path = LocationViewController.h; sourceTree = "<group>"; };
		813710641F214FD500A7DC04 /* LocationViewController.m */ = {isa = PBXFileReference; fileEncoding = 4; lastKnownFileType = sourcecode.c.objc; path = LocationViewController.m; sourceTree = "<group>"; };
		813710651F214FD500A7DC04 /* LocationViewController.xib */ = {isa = PBXFileReference; fileEncoding = 4; lastKnownFileType = file.xib; path = LocationViewController.xib; sourceTree = "<group>"; };
		813710691F216B1D00A7DC04 /* FeedViewController.h */ = {isa = PBXFileReference; fileEncoding = 4; lastKnownFileType = sourcecode.c.h; path = FeedViewController.h; sourceTree = "<group>"; };
		8137106A1F216B1D00A7DC04 /* FeedViewController.m */ = {isa = PBXFileReference; fileEncoding = 4; lastKnownFileType = sourcecode.c.objc; path = FeedViewController.m; sourceTree = "<group>"; };
		8137106E1F2172F900A7DC04 /* UserCollectionViewCell.h */ = {isa = PBXFileReference; fileEncoding = 4; lastKnownFileType = sourcecode.c.h; path = UserCollectionViewCell.h; sourceTree = "<group>"; };
		8137106F1F2172F900A7DC04 /* UserCollectionViewCell.m */ = {isa = PBXFileReference; fileEncoding = 4; lastKnownFileType = sourcecode.c.objc; path = UserCollectionViewCell.m; sourceTree = "<group>"; };
		813710701F2172F900A7DC04 /* UserCollectionViewCell.xib */ = {isa = PBXFileReference; fileEncoding = 4; lastKnownFileType = file.xib; path = UserCollectionViewCell.xib; sourceTree = "<group>"; };
		8167796D1F33AE0100DE87A3 /* ReelViewController.h */ = {isa = PBXFileReference; fileEncoding = 4; lastKnownFileType = sourcecode.c.h; path = ReelViewController.h; sourceTree = "<group>"; };
		8167796E1F33AE0100DE87A3 /* ReelViewController.m */ = {isa = PBXFileReference; fileEncoding = 4; lastKnownFileType = sourcecode.c.objc; path = ReelViewController.m; sourceTree = "<group>"; };
		8167796F1F33AE0100DE87A3 /* ReelViewController.xib */ = {isa = PBXFileReference; fileEncoding = 4; lastKnownFileType = file.xib; path = ReelViewController.xib; sourceTree = "<group>"; };
		816978CB1F2A96260004F17B /* ValidationsUtil.h */ = {isa = PBXFileReference; fileEncoding = 4; lastKnownFileType = sourcecode.c.h; path = ValidationsUtil.h; sourceTree = "<group>"; };
		816978CC1F2A96260004F17B /* ValidationsUtil.m */ = {isa = PBXFileReference; fileEncoding = 4; lastKnownFileType = sourcecode.c.objc; path = ValidationsUtil.m; sourceTree = "<group>"; };
		816978CE1F2A977B0004F17B /* RoleTableViewController.h */ = {isa = PBXFileReference; fileEncoding = 4; lastKnownFileType = sourcecode.c.h; path = RoleTableViewController.h; sourceTree = "<group>"; };
		816978CF1F2A977B0004F17B /* RoleTableViewController.m */ = {isa = PBXFileReference; fileEncoding = 4; lastKnownFileType = sourcecode.c.objc; path = RoleTableViewController.m; sourceTree = "<group>"; };
		817EA2341F2A647F00AE590F /* Constants.h */ = {isa = PBXFileReference; lastKnownFileType = sourcecode.c.h; path = Constants.h; sourceTree = "<group>"; };
		81854FAC1F2A6DA600594277 /* ProfileViewController.h */ = {isa = PBXFileReference; fileEncoding = 4; lastKnownFileType = sourcecode.c.h; path = ProfileViewController.h; sourceTree = "<group>"; };
		81854FAD1F2A6DA600594277 /* ProfileViewController.m */ = {isa = PBXFileReference; fileEncoding = 4; lastKnownFileType = sourcecode.c.objc; path = ProfileViewController.m; sourceTree = "<group>"; };
		81854FB11F2A6E6700594277 /* SettingsViewController.h */ = {isa = PBXFileReference; fileEncoding = 4; lastKnownFileType = sourcecode.c.h; path = SettingsViewController.h; sourceTree = "<group>"; };
		81854FB21F2A6E6700594277 /* SettingsViewController.m */ = {isa = PBXFileReference; fileEncoding = 4; lastKnownFileType = sourcecode.c.objc; path = SettingsViewController.m; sourceTree = "<group>"; };
		81854FB31F2A6E6700594277 /* SettingsViewController.xib */ = {isa = PBXFileReference; fileEncoding = 4; lastKnownFileType = file.xib; path = SettingsViewController.xib; sourceTree = "<group>"; };
		818EA8751F2AB447003C08DA /* ImagePicker.xcodeproj */ = {isa = PBXFileReference; lastKnownFileType = "wrapper.pb-project"; name = ImagePicker.xcodeproj; path = "ImagePicker-master/ImagePicker.xcodeproj"; sourceTree = "<group>"; };
		8198543C1F200F9B0086AFA3 /* GoogleService-Info.plist */ = {isa = PBXFileReference; fileEncoding = 4; lastKnownFileType = text.plist.xml; path = "GoogleService-Info.plist"; sourceTree = SOURCE_ROOT; };
		81A1E79F1F200E5600F75D11 /* Podfile */ = {isa = PBXFileReference; fileEncoding = 4; lastKnownFileType = text; path = Podfile; sourceTree = SOURCE_ROOT; xcLanguageSpecificationIdentifier = xcode.lang.ruby; };
		81A244B41F1FD012003147D3 /* FilmNet.app */ = {isa = PBXFileReference; explicitFileType = wrapper.application; includeInIndex = 0; path = FilmNet.app; sourceTree = BUILT_PRODUCTS_DIR; };
		81A244B81F1FD012003147D3 /* main.m */ = {isa = PBXFileReference; lastKnownFileType = sourcecode.c.objc; path = main.m; sourceTree = "<group>"; };
		81A244BA1F1FD012003147D3 /* AppDelegate.h */ = {isa = PBXFileReference; lastKnownFileType = sourcecode.c.h; path = AppDelegate.h; sourceTree = "<group>"; };
		81A244BB1F1FD012003147D3 /* AppDelegate.m */ = {isa = PBXFileReference; lastKnownFileType = sourcecode.c.objc; path = AppDelegate.m; sourceTree = "<group>"; };
		81A244C41F1FD012003147D3 /* Base */ = {isa = PBXFileReference; lastKnownFileType = file.storyboard; name = Base; path = Base.lproj/Main.storyboard; sourceTree = "<group>"; };
		81A244C61F1FD012003147D3 /* Assets.xcassets */ = {isa = PBXFileReference; lastKnownFileType = folder.assetcatalog; path = Assets.xcassets; sourceTree = "<group>"; };
		81A244C91F1FD012003147D3 /* Base */ = {isa = PBXFileReference; lastKnownFileType = file.storyboard; name = Base; path = Base.lproj/LaunchScreen.storyboard; sourceTree = "<group>"; };
		81A244CB1F1FD012003147D3 /* Info.plist */ = {isa = PBXFileReference; lastKnownFileType = text.plist.xml; path = Info.plist; sourceTree = "<group>"; };
		81A244D11F1FD246003147D3 /* IntroViewController.h */ = {isa = PBXFileReference; fileEncoding = 4; lastKnownFileType = sourcecode.c.h; path = IntroViewController.h; sourceTree = "<group>"; };
		81A244D21F1FD246003147D3 /* IntroViewController.m */ = {isa = PBXFileReference; fileEncoding = 4; lastKnownFileType = sourcecode.c.objc; path = IntroViewController.m; sourceTree = "<group>"; };
		81A244D41F1FD256003147D3 /* LoginViewController.h */ = {isa = PBXFileReference; fileEncoding = 4; lastKnownFileType = sourcecode.c.h; path = LoginViewController.h; sourceTree = "<group>"; };
		81A244D51F1FD256003147D3 /* LoginViewController.m */ = {isa = PBXFileReference; fileEncoding = 4; lastKnownFileType = sourcecode.c.objc; path = LoginViewController.m; sourceTree = "<group>"; };
		81A244D61F1FD256003147D3 /* LoginViewController.xib */ = {isa = PBXFileReference; fileEncoding = 4; lastKnownFileType = file.xib; path = LoginViewController.xib; sourceTree = "<group>"; };
		81A244D91F1FD26C003147D3 /* SignupViewController.h */ = {isa = PBXFileReference; fileEncoding = 4; lastKnownFileType = sourcecode.c.h; path = SignupViewController.h; sourceTree = "<group>"; };
		81A244DA1F1FD26C003147D3 /* SignupViewController.m */ = {isa = PBXFileReference; fileEncoding = 4; lastKnownFileType = sourcecode.c.objc; path = SignupViewController.m; sourceTree = "<group>"; };
		81A244DB1F1FD26C003147D3 /* SignupViewController.xib */ = {isa = PBXFileReference; fileEncoding = 4; lastKnownFileType = file.xib; path = SignupViewController.xib; sourceTree = "<group>"; };
		81A244E11F1FD649003147D3 /* BaseViewController.h */ = {isa = PBXFileReference; fileEncoding = 4; lastKnownFileType = sourcecode.c.h; path = BaseViewController.h; sourceTree = "<group>"; };
		81A244E21F1FD649003147D3 /* BaseViewController.m */ = {isa = PBXFileReference; fileEncoding = 4; lastKnownFileType = sourcecode.c.objc; path = BaseViewController.m; sourceTree = "<group>"; };
		81A26E551F2024070056C008 /* FilmNet.entitlements */ = {isa = PBXFileReference; lastKnownFileType = text.plist.entitlements; path = FilmNet.entitlements; sourceTree = "<group>"; };
/* End PBXFileReference section */

/* Begin PBXFrameworksBuildPhase section */
		81A244B11F1FD012003147D3 /* Frameworks */ = {
			isa = PBXFrameworksBuildPhase;
			buildActionMask = 2147483647;
			files = (
				818EA87E1F2AB48A003C08DA /* ImagePicker.framework in Frameworks */,
				80E6D3B7604DA331F711E2FD /* libPods-FilmNet.a in Frameworks */,
			);
			runOnlyForDeploymentPostprocessing = 0;
		};
/* End PBXFrameworksBuildPhase section */

/* Begin PBXGroup section */
		806D617A3A0B19F39DA27A30 /* Pods */ = {
			isa = PBXGroup;
			children = (
				492F43C4C95E524459AA6CAE /* Pods-FilmNet.debug.xcconfig */,
				33674049578006DF5AB2A075 /* Pods-FilmNet.release.xcconfig */,
			);
			name = Pods;
			sourceTree = "<group>";
		};
		818EA8761F2AB447003C08DA /* Products */ = {
			isa = PBXGroup;
			children = (
				818EA87B1F2AB447003C08DA /* ImagePicker.framework */,
				818EA87D1F2AB447003C08DA /* ImagePicker-iOS-Tests.xctest */,
			);
			name = Products;
			sourceTree = "<group>";
		};
		81A244AB1F1FD012003147D3 = {
			isa = PBXGroup;
			children = (
				81A244B61F1FD012003147D3 /* FilmNet */,
				81A244B51F1FD012003147D3 /* Products */,
				806D617A3A0B19F39DA27A30 /* Pods */,
				EE5899D3612D0B18E979EF45 /* Frameworks */,
			);
			sourceTree = "<group>";
		};
		81A244B51F1FD012003147D3 /* Products */ = {
			isa = PBXGroup;
			children = (
				81A244B41F1FD012003147D3 /* FilmNet.app */,
			);
			name = Products;
			sourceTree = "<group>";
		};
		81A244B61F1FD012003147D3 /* FilmNet */ = {
			isa = PBXGroup;
			children = (
				81A244BA1F1FD012003147D3 /* AppDelegate.h */,
				81A244BB1F1FD012003147D3 /* AppDelegate.m */,
				81A244C61F1FD012003147D3 /* Assets.xcassets */,
				81A244E11F1FD649003147D3 /* BaseViewController.h */,
				81A244E21F1FD649003147D3 /* BaseViewController.m */,
				817EA2341F2A647F00AE590F /* Constants.h */,
				813710691F216B1D00A7DC04 /* FeedViewController.h */,
				8137106A1F216B1D00A7DC04 /* FeedViewController.m */,
				81A26E551F2024070056C008 /* FilmNet.entitlements */,
				81A244CB1F1FD012003147D3 /* Info.plist */,
				81A244D11F1FD246003147D3 /* IntroViewController.h */,
				81A244D21F1FD246003147D3 /* IntroViewController.m */,
				81A244C81F1FD012003147D3 /* LaunchScreen.storyboard */,
				813710631F214FD500A7DC04 /* LocationViewController.h */,
				813710641F214FD500A7DC04 /* LocationViewController.m */,
				813710651F214FD500A7DC04 /* LocationViewController.xib */,
				81A244D41F1FD256003147D3 /* LoginViewController.h */,
				81A244D51F1FD256003147D3 /* LoginViewController.m */,
				81A244D61F1FD256003147D3 /* LoginViewController.xib */,
				81A244C31F1FD012003147D3 /* Main.storyboard */,
				81854FAC1F2A6DA600594277 /* ProfileViewController.h */,
				81854FAD1F2A6DA600594277 /* ProfileViewController.m */,
				8167796D1F33AE0100DE87A3 /* ReelViewController.h */,
				8167796E1F33AE0100DE87A3 /* ReelViewController.m */,
				8167796F1F33AE0100DE87A3 /* ReelViewController.xib */,
				816978CE1F2A977B0004F17B /* RoleTableViewController.h */,
				816978CF1F2A977B0004F17B /* RoleTableViewController.m */,
				8137105E1F2149B600A7DC04 /* RoleViewController.h */,
				8137105F1F2149B600A7DC04 /* RoleViewController.m */,
				813710601F2149B600A7DC04 /* RoleViewController.xib */,
				81854FB11F2A6E6700594277 /* SettingsViewController.h */,
				81854FB21F2A6E6700594277 /* SettingsViewController.m */,
				81854FB31F2A6E6700594277 /* SettingsViewController.xib */,
				81A244D91F1FD26C003147D3 /* SignupViewController.h */,
				81A244DA1F1FD26C003147D3 /* SignupViewController.m */,
				81A244DB1F1FD26C003147D3 /* SignupViewController.xib */,
				81A244B71F1FD012003147D3 /* Supporting Files */,
				8137106E1F2172F900A7DC04 /* UserCollectionViewCell.h */,
				8137106F1F2172F900A7DC04 /* UserCollectionViewCell.m */,
				813710701F2172F900A7DC04 /* UserCollectionViewCell.xib */,
				816978CB1F2A96260004F17B /* ValidationsUtil.h */,
				816978CC1F2A96260004F17B /* ValidationsUtil.m */,
			);
			path = FilmNet;
			sourceTree = "<group>";
		};
		81A244B71F1FD012003147D3 /* Supporting Files */ = {
			isa = PBXGroup;
			children = (
				8198543C1F200F9B0086AFA3 /* GoogleService-Info.plist */,
				81A1E79F1F200E5600F75D11 /* Podfile */,
				81A244B81F1FD012003147D3 /* main.m */,
			);
			name = "Supporting Files";
			sourceTree = "<group>";
		};
		EE5899D3612D0B18E979EF45 /* Frameworks */ = {
			isa = PBXGroup;
			children = (
				818EA8751F2AB447003C08DA /* ImagePicker.xcodeproj */,
				2EE6B4D4C841F0915B20BB8F /* libPods-FilmNet.a */,
			);
			name = Frameworks;
			sourceTree = "<group>";
		};
/* End PBXGroup section */

/* Begin PBXNativeTarget section */
		81A244B31F1FD012003147D3 /* FilmNet */ = {
			isa = PBXNativeTarget;
			buildConfigurationList = 81A244CE1F1FD012003147D3 /* Build configuration list for PBXNativeTarget "FilmNet" */;
			buildPhases = (
				B5ABAB679C7802814078326E /* [CP] Check Pods Manifest.lock */,
				81A244B01F1FD012003147D3 /* Sources */,
				81A244B11F1FD012003147D3 /* Frameworks */,
				81A244B21F1FD012003147D3 /* Resources */,
				90075C9EDAF3D7AA761A0A88 /* [CP] Embed Pods Frameworks */,
				21476496A52C56738718F806 /* [CP] Copy Pods Resources */,
				818EA8821F2AB48A003C08DA /* Embed Frameworks */,
			);
			buildRules = (
			);
			dependencies = (
				818EA8811F2AB48A003C08DA /* PBXTargetDependency */,
			);
			name = FilmNet;
			productName = FilmNet;
			productReference = 81A244B41F1FD012003147D3 /* FilmNet.app */;
			productType = "com.apple.product-type.application";
		};
/* End PBXNativeTarget section */

/* Begin PBXProject section */
		81A244AC1F1FD012003147D3 /* Project object */ = {
			isa = PBXProject;
			attributes = {
				LastUpgradeCheck = 0830;
				ORGANIZATIONNAME = "Thought Foundry";
				TargetAttributes = {
					81A244B31F1FD012003147D3 = {
						CreatedOnToolsVersion = 8.3.3;
						DevelopmentTeam = S53MWGBWFF;
						ProvisioningStyle = Automatic;
						SystemCapabilities = {
							com.apple.Push = {
								enabled = 1;
							};
						};
					};
				};
			};
			buildConfigurationList = 81A244AF1F1FD012003147D3 /* Build configuration list for PBXProject "FilmNet" */;
			compatibilityVersion = "Xcode 3.2";
			developmentRegion = English;
			hasScannedForEncodings = 0;
			knownRegions = (
				en,
				Base,
			);
			mainGroup = 81A244AB1F1FD012003147D3;
			productRefGroup = 81A244B51F1FD012003147D3 /* Products */;
			projectDirPath = "";
			projectReferences = (
				{
					ProductGroup = 818EA8761F2AB447003C08DA /* Products */;
					ProjectRef = 818EA8751F2AB447003C08DA /* ImagePicker.xcodeproj */;
				},
			);
			projectRoot = "";
			targets = (
				81A244B31F1FD012003147D3 /* FilmNet */,
			);
		};
/* End PBXProject section */

/* Begin PBXReferenceProxy section */
		818EA87B1F2AB447003C08DA /* ImagePicker.framework */ = {
			isa = PBXReferenceProxy;
			fileType = wrapper.framework;
			path = ImagePicker.framework;
			remoteRef = 818EA87A1F2AB447003C08DA /* PBXContainerItemProxy */;
			sourceTree = BUILT_PRODUCTS_DIR;
		};
		818EA87D1F2AB447003C08DA /* ImagePicker-iOS-Tests.xctest */ = {
			isa = PBXReferenceProxy;
			fileType = wrapper.cfbundle;
			path = "ImagePicker-iOS-Tests.xctest";
			remoteRef = 818EA87C1F2AB447003C08DA /* PBXContainerItemProxy */;
			sourceTree = BUILT_PRODUCTS_DIR;
		};
/* End PBXReferenceProxy section */

/* Begin PBXResourcesBuildPhase section */
		81A244B21F1FD012003147D3 /* Resources */ = {
			isa = PBXResourcesBuildPhase;
			buildActionMask = 2147483647;
			files = (
				813710621F2149B600A7DC04 /* RoleViewController.xib in Resources */,
				813710721F2172F900A7DC04 /* UserCollectionViewCell.xib in Resources */,
				816779711F33AE0100DE87A3 /* ReelViewController.xib in Resources */,
				81854FB51F2A6E6700594277 /* SettingsViewController.xib in Resources */,
				81A1E7A01F200E5600F75D11 /* Podfile in Resources */,
				81A244D81F1FD256003147D3 /* LoginViewController.xib in Resources */,
				81A244DD1F1FD26C003147D3 /* SignupViewController.xib in Resources */,
				81A244CA1F1FD012003147D3 /* LaunchScreen.storyboard in Resources */,
				81A244C71F1FD012003147D3 /* Assets.xcassets in Resources */,
				81A244C51F1FD012003147D3 /* Main.storyboard in Resources */,
				813710671F214FD500A7DC04 /* LocationViewController.xib in Resources */,
				8198543D1F200F9B0086AFA3 /* GoogleService-Info.plist in Resources */,
			);
			runOnlyForDeploymentPostprocessing = 0;
		};
/* End PBXResourcesBuildPhase section */

/* Begin PBXShellScriptBuildPhase section */
		21476496A52C56738718F806 /* [CP] Copy Pods Resources */ = {
			isa = PBXShellScriptBuildPhase;
			buildActionMask = 2147483647;
			files = (
			);
			inputPaths = (
			);
			name = "[CP] Copy Pods Resources";
			outputPaths = (
			);
			runOnlyForDeploymentPostprocessing = 0;
			shellPath = /bin/sh;
			shellScript = "\"${SRCROOT}/Pods/Target Support Files/Pods-FilmNet/Pods-FilmNet-resources.sh\"\n";
			showEnvVarsInLog = 0;
		};
		90075C9EDAF3D7AA761A0A88 /* [CP] Embed Pods Frameworks */ = {
			isa = PBXShellScriptBuildPhase;
			buildActionMask = 2147483647;
			files = (
			);
			inputPaths = (
			);
			name = "[CP] Embed Pods Frameworks";
			outputPaths = (
			);
			runOnlyForDeploymentPostprocessing = 0;
			shellPath = /bin/sh;
			shellScript = "\"${SRCROOT}/Pods/Target Support Files/Pods-FilmNet/Pods-FilmNet-frameworks.sh\"\n";
			showEnvVarsInLog = 0;
		};
		B5ABAB679C7802814078326E /* [CP] Check Pods Manifest.lock */ = {
			isa = PBXShellScriptBuildPhase;
			buildActionMask = 2147483647;
			files = (
			);
			inputPaths = (
			);
			name = "[CP] Check Pods Manifest.lock";
			outputPaths = (
			);
			runOnlyForDeploymentPostprocessing = 0;
			shellPath = /bin/sh;
			shellScript = "diff \"${PODS_PODFILE_DIR_PATH}/Podfile.lock\" \"${PODS_ROOT}/Manifest.lock\" > /dev/null\nif [ $? != 0 ] ; then\n    # print error to STDERR\n    echo \"error: The sandbox is not in sync with the Podfile.lock. Run 'pod install' or update your CocoaPods installation.\" >&2\n    exit 1\nfi\n";
			showEnvVarsInLog = 0;
		};
/* End PBXShellScriptBuildPhase section */

/* Begin PBXSourcesBuildPhase section */
		81A244B01F1FD012003147D3 /* Sources */ = {
			isa = PBXSourcesBuildPhase;
			buildActionMask = 2147483647;
			files = (
				81A244E31F1FD649003147D3 /* BaseViewController.m in Sources */,
				81A244BC1F1FD012003147D3 /* AppDelegate.m in Sources */,
				816779701F33AE0100DE87A3 /* ReelViewController.m in Sources */,
				81A244D71F1FD256003147D3 /* LoginViewController.m in Sources */,
				81A244B91F1FD012003147D3 /* main.m in Sources */,
				816978CD1F2A96260004F17B /* ValidationsUtil.m in Sources */,
				816978D01F2A977B0004F17B /* RoleTableViewController.m in Sources */,
				813710711F2172F900A7DC04 /* UserCollectionViewCell.m in Sources */,
				81A244DC1F1FD26C003147D3 /* SignupViewController.m in Sources */,
				8137106C1F216B1D00A7DC04 /* FeedViewController.m in Sources */,
				813710611F2149B600A7DC04 /* RoleViewController.m in Sources */,
				81A244D31F1FD246003147D3 /* IntroViewController.m in Sources */,
				81854FAF1F2A6DA600594277 /* ProfileViewController.m in Sources */,
				813710661F214FD500A7DC04 /* LocationViewController.m in Sources */,
				81854FB41F2A6E6700594277 /* SettingsViewController.m in Sources */,
			);
			runOnlyForDeploymentPostprocessing = 0;
		};
/* End PBXSourcesBuildPhase section */

/* Begin PBXTargetDependency section */
		818EA8811F2AB48A003C08DA /* PBXTargetDependency */ = {
			isa = PBXTargetDependency;
			name = "ImagePicker-iOS";
			targetProxy = 818EA8801F2AB48A003C08DA /* PBXContainerItemProxy */;
		};
/* End PBXTargetDependency section */

/* Begin PBXVariantGroup section */
		81A244C31F1FD012003147D3 /* Main.storyboard */ = {
			isa = PBXVariantGroup;
			children = (
				81A244C41F1FD012003147D3 /* Base */,
			);
			name = Main.storyboard;
			sourceTree = "<group>";
		};
		81A244C81F1FD012003147D3 /* LaunchScreen.storyboard */ = {
			isa = PBXVariantGroup;
			children = (
				81A244C91F1FD012003147D3 /* Base */,
			);
			name = LaunchScreen.storyboard;
			sourceTree = "<group>";
		};
/* End PBXVariantGroup section */

/* Begin XCBuildConfiguration section */
		81A244CC1F1FD012003147D3 /* Debug */ = {
			isa = XCBuildConfiguration;
			buildSettings = {
				ALWAYS_SEARCH_USER_PATHS = NO;
				CLANG_ANALYZER_NONNULL = YES;
				CLANG_ANALYZER_NUMBER_OBJECT_CONVERSION = YES_AGGRESSIVE;
				CLANG_CXX_LANGUAGE_STANDARD = "gnu++0x";
				CLANG_CXX_LIBRARY = "libc++";
				CLANG_ENABLE_MODULES = YES;
				CLANG_ENABLE_OBJC_ARC = YES;
				CLANG_WARN_BOOL_CONVERSION = YES;
				CLANG_WARN_CONSTANT_CONVERSION = YES;
				CLANG_WARN_DIRECT_OBJC_ISA_USAGE = YES_ERROR;
				CLANG_WARN_DOCUMENTATION_COMMENTS = YES;
				CLANG_WARN_EMPTY_BODY = YES;
				CLANG_WARN_ENUM_CONVERSION = YES;
				CLANG_WARN_INFINITE_RECURSION = YES;
				CLANG_WARN_INT_CONVERSION = YES;
				CLANG_WARN_OBJC_ROOT_CLASS = YES_ERROR;
				CLANG_WARN_SUSPICIOUS_MOVE = YES;
				CLANG_WARN_UNREACHABLE_CODE = YES;
				CLANG_WARN__DUPLICATE_METHOD_MATCH = YES;
				"CODE_SIGN_IDENTITY[sdk=iphoneos*]" = "iPhone Developer";
				COPY_PHASE_STRIP = NO;
				DEBUG_INFORMATION_FORMAT = dwarf;
				ENABLE_STRICT_OBJC_MSGSEND = YES;
				ENABLE_TESTABILITY = YES;
				GCC_C_LANGUAGE_STANDARD = gnu99;
				GCC_DYNAMIC_NO_PIC = NO;
				GCC_NO_COMMON_BLOCKS = YES;
				GCC_OPTIMIZATION_LEVEL = 0;
				GCC_PREPROCESSOR_DEFINITIONS = (
					"DEBUG=1",
					"$(inherited)",
				);
				GCC_WARN_64_TO_32_BIT_CONVERSION = YES;
				GCC_WARN_ABOUT_RETURN_TYPE = YES_ERROR;
				GCC_WARN_UNDECLARED_SELECTOR = YES;
				GCC_WARN_UNINITIALIZED_AUTOS = YES_AGGRESSIVE;
				GCC_WARN_UNUSED_FUNCTION = YES;
				GCC_WARN_UNUSED_VARIABLE = YES;
				IPHONEOS_DEPLOYMENT_TARGET = 10.3;
				MTL_ENABLE_DEBUG_INFO = YES;
				ONLY_ACTIVE_ARCH = YES;
				SDKROOT = iphoneos;
			};
			name = Debug;
		};
		81A244CD1F1FD012003147D3 /* Release */ = {
			isa = XCBuildConfiguration;
			buildSettings = {
				ALWAYS_SEARCH_USER_PATHS = NO;
				CLANG_ANALYZER_NONNULL = YES;
				CLANG_ANALYZER_NUMBER_OBJECT_CONVERSION = YES_AGGRESSIVE;
				CLANG_CXX_LANGUAGE_STANDARD = "gnu++0x";
				CLANG_CXX_LIBRARY = "libc++";
				CLANG_ENABLE_MODULES = YES;
				CLANG_ENABLE_OBJC_ARC = YES;
				CLANG_WARN_BOOL_CONVERSION = YES;
				CLANG_WARN_CONSTANT_CONVERSION = YES;
				CLANG_WARN_DIRECT_OBJC_ISA_USAGE = YES_ERROR;
				CLANG_WARN_DOCUMENTATION_COMMENTS = YES;
				CLANG_WARN_EMPTY_BODY = YES;
				CLANG_WARN_ENUM_CONVERSION = YES;
				CLANG_WARN_INFINITE_RECURSION = YES;
				CLANG_WARN_INT_CONVERSION = YES;
				CLANG_WARN_OBJC_ROOT_CLASS = YES_ERROR;
				CLANG_WARN_SUSPICIOUS_MOVE = YES;
				CLANG_WARN_UNREACHABLE_CODE = YES;
				CLANG_WARN__DUPLICATE_METHOD_MATCH = YES;
				"CODE_SIGN_IDENTITY[sdk=iphoneos*]" = "iPhone Developer";
				COPY_PHASE_STRIP = NO;
				DEBUG_INFORMATION_FORMAT = "dwarf-with-dsym";
				ENABLE_NS_ASSERTIONS = NO;
				ENABLE_STRICT_OBJC_MSGSEND = YES;
				GCC_C_LANGUAGE_STANDARD = gnu99;
				GCC_NO_COMMON_BLOCKS = YES;
				GCC_WARN_64_TO_32_BIT_CONVERSION = YES;
				GCC_WARN_ABOUT_RETURN_TYPE = YES_ERROR;
				GCC_WARN_UNDECLARED_SELECTOR = YES;
				GCC_WARN_UNINITIALIZED_AUTOS = YES_AGGRESSIVE;
				GCC_WARN_UNUSED_FUNCTION = YES;
				GCC_WARN_UNUSED_VARIABLE = YES;
				IPHONEOS_DEPLOYMENT_TARGET = 10.3;
				MTL_ENABLE_DEBUG_INFO = NO;
				SDKROOT = iphoneos;
				VALIDATE_PRODUCT = YES;
			};
			name = Release;
		};
		81A244CF1F1FD012003147D3 /* Debug */ = {
			isa = XCBuildConfiguration;
			baseConfigurationReference = 492F43C4C95E524459AA6CAE /* Pods-FilmNet.debug.xcconfig */;
			buildSettings = {
				ALWAYS_EMBED_SWIFT_STANDARD_LIBRARIES = YES;
				ASSETCATALOG_COMPILER_APPICON_NAME = AppIcon;
				CODE_SIGN_ENTITLEMENTS = FilmNet/FilmNet.entitlements;
				DEVELOPMENT_TEAM = S53MWGBWFF;
				INFOPLIST_FILE = FilmNet/Info.plist;
				LD_RUNPATH_SEARCH_PATHS = "$(inherited) @executable_path/Frameworks";
				PRODUCT_BUNDLE_IDENTIFIER = com.t12y.FilmNet;
				PRODUCT_NAME = "$(TARGET_NAME)";
			};
			name = Debug;
		};
		81A244D01F1FD012003147D3 /* Release */ = {
			isa = XCBuildConfiguration;
			baseConfigurationReference = 33674049578006DF5AB2A075 /* Pods-FilmNet.release.xcconfig */;
			buildSettings = {
				ALWAYS_EMBED_SWIFT_STANDARD_LIBRARIES = YES;
				ASSETCATALOG_COMPILER_APPICON_NAME = AppIcon;
				CODE_SIGN_ENTITLEMENTS = FilmNet/FilmNet.entitlements;
				DEVELOPMENT_TEAM = S53MWGBWFF;
				INFOPLIST_FILE = FilmNet/Info.plist;
				LD_RUNPATH_SEARCH_PATHS = "$(inherited) @executable_path/Frameworks";
				PRODUCT_BUNDLE_IDENTIFIER = com.t12y.FilmNet;
				PRODUCT_NAME = "$(TARGET_NAME)";
			};
			name = Release;
		};
/* End XCBuildConfiguration section */

/* Begin XCConfigurationList section */
		81A244AF1F1FD012003147D3 /* Build configuration list for PBXProject "FilmNet" */ = {
			isa = XCConfigurationList;
			buildConfigurations = (
				81A244CC1F1FD012003147D3 /* Debug */,
				81A244CD1F1FD012003147D3 /* Release */,
			);
			defaultConfigurationIsVisible = 0;
			defaultConfigurationName = Release;
		};
		81A244CE1F1FD012003147D3 /* Build configuration list for PBXNativeTarget "FilmNet" */ = {
			isa = XCConfigurationList;
			buildConfigurations = (
				81A244CF1F1FD012003147D3 /* Debug */,
				81A244D01F1FD012003147D3 /* Release */,
			);
			defaultConfigurationIsVisible = 0;
			defaultConfigurationName = Release;
		};
/* End XCConfigurationList section */
	};
	rootObject = 81A244AC1F1FD012003147D3 /* Project object */;
}
